
Microsoft Visual Studio Solution File, Format Version 12.00
# Visual Studio Version 17
VisualStudioVersion = 17.7.34024.191
MinimumVisualStudioVersion = 10.0.40219.1
Project("{FAE04EC0-301F-11D3-BF4B-00C04F79EFBC}") = "SolveMeFirst", "SolveMeFirst\SolveMeFirst.csproj", "{FD230EF4-C39B-4F38-8EDC-8F23BC0652E7}"
EndProject
Global
	GlobalSection(SolutionConfigurationPlatforms) = preSolution
		Debug|Any CPU = Debug|Any CPU
		Release|Any CPU = Release|Any CPU
	EndGlobalSection
	GlobalSection(ProjectConfigurationPlatforms) = postSolution
		{FD230EF4-C39B-4F38-8EDC-8F23BC0652E7}.Debug|Any CPU.ActiveCfg = Debug|Any CPU
		{FD230EF4-C39B-4F38-8EDC-8F23BC0652E7}.Debug|Any CPU.Build.0 = Debug|Any CPU
		{FD230EF4-C39B-4F38-8EDC-8F23BC0652E7}.Release|Any CPU.ActiveCfg = Release|Any CPU
		{FD230EF4-C39B-4F38-8EDC-8F23BC0652E7}.Release|Any CPU.Build.0 = Release|Any CPU
	EndGlobalSection
	GlobalSection(SolutionProperties) = preSolution
		HideSolutionNode = FALSE
	EndGlobalSection
	GlobalSection(ExtensibilityGlobals) = postSolution
		SolutionGuid = {23C4CEC7-0F87-45A9-86B3-2A8AD9A43FD2}
	EndGlobalSection
EndGlobal
